{
  "nodes": {
    "nixpkgs": {
      "locked": {
        "lastModified": 1648065016,
        "narHash": "sha256-H1+uesSA0vsSWaPey5KbYdE+D67gXBJNk3Z/HE00M3M=",
        "owner": "NixOS",
        "repo": "nixpkgs",
        "rev": "c984213d12225fa5feb640136872da56d2e8f702",
        "type": "github"
      },
      "original": {
        "id": "nixpkgs",
        "type": "indirect"
      }
    },
    "root": {
      "inputs": {
        "nixpkgs": "nixpkgs"
      }
    }
  },
  "root": "root",
  "version": 7
}
